{
  "name": "ngx-cerious-widgets",
  "version": "0.0.1",
  "lockfileVersion": 2,
  "requires": true,
  "packages": {
    "": {
      "name": "ngx-cerious-widgets",
      "version": "0.0.1",
      "dependencies": {
        "tslib": "^2.3.0"
      },
      "peerDependencies": {
        "@angular/common": "^13.0.0",
        "@angular/core": "^13.0.0",
        "@fortawesome/angular-fontawesome": "0.10.2",
        "@fortawesome/fontawesome-svg-core": "6.1.1",
        "@fortawesome/free-solid-svg-icons": "6.1.1",
        "bootstrap": "4.3.1",
        "jquery": "^3.4.1",
        "ng2-dragula": "2.1.1",
        "rxjs": "~7.5.0",
        "zone.js": "~0.11.4"
      }
    },
    "node_modules/@angular/common": {
      "version": "13.4.0",
      "resolved": "https://registry.npmjs.org/@angular/common/-/common-13.4.0.tgz",
      "integrity": "sha512-DHbPqRaxW7GmnkxqZaaasgC5OaFTeTBrmr7MJUsqsSGePHWuJYWU4QS3Fn86zd/VESJgBGmq2aCDEUmzfjnRQA==",
      "peer": true,
      "dependencies": {
        "tslib": "^2.3.0"
      },
      "engines": {
        "node": "^12.20.0 || ^14.15.0 || >=16.10.0"
      },
      "peerDependencies": {
        "@angular/core": "13.4.0",
        "rxjs": "^6.5.3 || ^7.4.0"
      }
    },
    "node_modules/@angular/core": {
      "version": "13.4.0",
      "resolved": "https://registry.npmjs.org/@angular/core/-/core-13.4.0.tgz",
      "integrity": "sha512-RE9KL7pRj+3lkJjdSR2uKmqiG0gqjnoVCMbSLG93pWrmzNIhElmlkiDaK39aMHGl836dc68Usv9CEisyVnRqHQ==",
      "peer": true,
      "dependencies": {
        "tslib": "^2.3.0"
      },
      "engines": {
        "node": "^12.20.0 || ^14.15.0 || >=16.10.0"
      },
      "peerDependencies": {
        "rxjs": "^6.5.3 || ^7.4.0",
        "zone.js": "~0.11.4"
      }
    },
    "node_modules/@fortawesome/angular-fontawesome": {
      "version": "0.10.2",
      "resolved": "https://registry.npmjs.org/@fortawesome/angular-fontawesome/-/angular-fontawesome-0.10.2.tgz",
      "integrity": "sha512-VxsCAo2lK74KwD236AKAhGpiethfz9yqCViIG2iRAZqgNmuZ6ihwumjbLW32n6hV4fFvCqLcHmpngoEl3TNiOg==",
      "peer": true,
      "dependencies": {
        "tslib": "^2.3.1"
      },
      "peerDependencies": {
        "@fortawesome/fontawesome-svg-core": "~1.2.27 || ~1.3.0-beta2 || ^6.1.0"
      }
    },
    "node_modules/@fortawesome/fontawesome-common-types": {
      "version": "6.1.1",
      "resolved": "https://registry.npmjs.org/@fortawesome/fontawesome-common-types/-/fontawesome-common-types-6.1.1.tgz",
      "integrity": "sha512-wVn5WJPirFTnzN6tR95abCx+ocH+3IFLXAgyavnf9hUmN0CfWoDjPT/BAWsUVwSlYYVBeCLJxaqi7ZGe4uSjBA==",
      "hasInstallScript": true,
      "peer": true,
      "engines": {
        "node": ">=6"
      }
    },
    "node_modules/@fortawesome/fontawesome-svg-core": {
      "version": "6.1.1",
      "resolved": "https://registry.npmjs.org/@fortawesome/fontawesome-svg-core/-/fontawesome-svg-core-6.1.1.tgz",
      "integrity": "sha512-NCg0w2YIp81f4V6cMGD9iomfsIj7GWrqmsa0ZsPh59G7PKiGN1KymZNxmF00ssuAlo/VZmpK6xazsGOwzKYUMg==",
      "hasInstallScript": true,
      "peer": true,
      "dependencies": {
        "@fortawesome/fontawesome-common-types": "6.1.1"
      },
      "engines": {
        "node": ">=6"
      }
    },
    "node_modules/@fortawesome/free-solid-svg-icons": {
      "version": "6.1.1",
      "resolved": "https://registry.npmjs.org/@fortawesome/free-solid-svg-icons/-/free-solid-svg-icons-6.1.1.tgz",
      "integrity": "sha512-0/5exxavOhI/D4Ovm2r3vxNojGZioPwmFrKg0ZUH69Q68uFhFPs6+dhAToh6VEQBntxPRYPuT5Cg1tpNa9JUPg==",
      "hasInstallScript": true,
      "peer": true,
      "dependencies": {
        "@fortawesome/fontawesome-common-types": "6.1.1"
      },
      "engines": {
        "node": ">=6"
      }
    },
    "node_modules/@types/dragula": {
      "version": "2.1.39",
      "resolved": "https://registry.npmjs.org/@types/dragula/-/dragula-2.1.39.tgz",
      "integrity": "sha512-MC6C61MJ1+RZjyFujDXgLoslsFnY19Zoo5p13PNDU5X/t+gPychd2onam9IGHSc3Al36yw3jd4mcIaTX95RQCA==",
      "peer": true
    },
    "node_modules/atoa": {
      "version": "1.0.0",
      "resolved": "https://registry.npmjs.org/atoa/-/atoa-1.0.0.tgz",
      "integrity": "sha512-VVE1H6cc4ai+ZXo/CRWoJiHXrA1qfA31DPnx6D20+kSI547hQN5Greh51LQ1baMRMfxO5K5M4ImMtZbZt2DODQ==",
      "peer": true
    },
    "node_modules/bootstrap": {
      "version": "4.3.1",
      "resolved": "https://registry.npmjs.org/bootstrap/-/bootstrap-4.3.1.tgz",
      "integrity": "sha512-rXqOmH1VilAt2DyPzluTi2blhk17bO7ef+zLLPlWvG494pDxcM234pJ8wTc/6R40UWizAIIMgxjvxZg5kmsbag==",
      "peer": true,
      "engines": {
        "node": ">=6"
      },
      "peerDependencies": {
        "jquery": "1.9.1 - 3",
        "popper.js": "^1.14.7"
      }
    },
    "node_modules/contra": {
      "version": "1.9.4",
      "resolved": "https://registry.npmjs.org/contra/-/contra-1.9.4.tgz",
      "integrity": "sha512-N9ArHAqwR/lhPq4OdIAwH4e1btn6EIZMAz4TazjnzCiVECcWUPTma+dRAM38ERImEJBh8NiCCpjoQruSZ+agYg==",
      "peer": true,
      "dependencies": {
        "atoa": "1.0.0",
        "ticky": "1.0.1"
      }
    },
    "node_modules/crossvent": {
      "version": "1.5.5",
      "resolved": "https://registry.npmjs.org/crossvent/-/crossvent-1.5.5.tgz",
      "integrity": "sha512-MY4xhBYEnVi+pmTpHCOCsCLYczc0PVtGdPBz6NXNXxikLaUZo4HdAeUb1UqAo3t3yXAloSelTmfxJ+/oUqkW5w==",
      "peer": true,
      "dependencies": {
        "custom-event": "^1.0.0"
      }
    },
    "node_modules/custom-event": {
      "version": "1.0.1",
      "resolved": "https://registry.npmjs.org/custom-event/-/custom-event-1.0.1.tgz",
      "integrity": "sha512-GAj5FOq0Hd+RsCGVJxZuKaIDXDf3h6GQoNEjFgbLLI/trgtavwUbSnZ5pVfg27DVCaWjIohryS0JFwIJyT2cMg==",
      "peer": true
    },
    "node_modules/dragula": {
      "version": "3.7.3",
      "resolved": "https://registry.npmjs.org/dragula/-/dragula-3.7.3.tgz",
      "integrity": "sha512-/rRg4zRhcpf81TyDhaHLtXt6sEywdfpv1cRUMeFFy7DuypH2U0WUL0GTdyAQvXegviT4PJK4KuMmOaIDpICseQ==",
      "peer": true,
      "dependencies": {
        "contra": "1.9.4",
        "crossvent": "1.5.5"
      }
    },
    "node_modules/jquery": {
      "version": "3.7.1",
      "resolved": "https://registry.npmjs.org/jquery/-/jquery-3.7.1.tgz",
      "integrity": "sha512-m4avr8yL8kmFN8psrbFFFmB/If14iN5o9nw/NgnnM+kybDJpRsAynV2BsfpTYrTRysYUdADVD7CkUUizgkpLfg==",
      "peer": true
    },
    "node_modules/ng2-dragula": {
      "version": "2.1.1",
      "resolved": "https://registry.npmjs.org/ng2-dragula/-/ng2-dragula-2.1.1.tgz",
      "integrity": "sha512-PSo6N2Ja894KDogVLLBI0Hzpylikay7L1hWqp+qQmW+qsNsNT9J/6J2Qim9XwGzK4VQZjAwBJaJjgJ/TijRkLQ==",
      "peer": true,
      "dependencies": {
        "@types/dragula": "^2.1.34",
        "dragula": "^3.7.2"
      },
      "peerDependencies": {
        "@angular/core": ">=6.0.0",
        "rxjs": ">=6.0.0"
      }
    },
    "node_modules/popper.js": {
      "version": "1.16.1",
      "resolved": "https://registry.npmjs.org/popper.js/-/popper.js-1.16.1.tgz",
      "integrity": "sha512-Wb4p1J4zyFTbM+u6WuO4XstYx4Ky9Cewe4DWrel7B0w6VVICvPwdOpotjzcf6eD8TsckVnIMNONQyPIUFOUbCQ==",
      "deprecated": "You can find the new Popper v2 at @popperjs/core, this package is dedicated to the legacy v1",
      "peer": true,
      "funding": {
        "type": "opencollective",
        "url": "https://opencollective.com/popperjs"
      }
    },
    "node_modules/rxjs": {
      "version": "7.5.7",
      "resolved": "https://registry.npmjs.org/rxjs/-/rxjs-7.5.7.tgz",
      "integrity": "sha512-z9MzKh/UcOqB3i20H6rtrlaE/CgjLOvheWK/9ILrbhROGTweAi1BaFsTT9FbwZi5Trr1qNRs+MXkhmR06awzQA==",
      "peer": true,
      "dependencies": {
        "tslib": "^2.1.0"
      }
    },
    "node_modules/ticky": {
      "version": "1.0.1",
      "resolved": "https://registry.npmjs.org/ticky/-/ticky-1.0.1.tgz",
      "integrity": "sha512-RX35iq/D+lrsqhcPWIazM9ELkjOe30MSeoBHQHSsRwd1YuhJO5ui1K1/R0r7N3mFvbLBs33idw+eR6j+w6i/DA==",
      "peer": true
    },
    "node_modules/tslib": {
      "version": "2.6.2",
      "resolved": "https://registry.npmjs.org/tslib/-/tslib-2.6.2.tgz",
      "integrity": "sha512-AEYxH93jGFPn/a2iVAwW87VuUIkR1FVUKB77NwMF7nBTDkDrrT/Hpt/IrCJ0QXhW27jTBDcf5ZY7w6RiqTMw2Q=="
    },
    "node_modules/zone.js": {
      "version": "0.11.8",
      "resolved": "https://registry.npmjs.org/zone.js/-/zone.js-0.11.8.tgz",
      "integrity": "sha512-82bctBg2hKcEJ21humWIkXRlLBBmrc3nN7DFh5LGGhcyycO2S7FN8NmdvlcKaGFDNVL4/9kFLmwmInTavdJERA==",
      "peer": true,
      "dependencies": {
        "tslib": "^2.3.0"
      }
    }
  },
  "dependencies": {
    "@angular/common": {
      "version": "13.4.0",
      "resolved": "https://registry.npmjs.org/@angular/common/-/common-13.4.0.tgz",
      "integrity": "sha512-DHbPqRaxW7GmnkxqZaaasgC5OaFTeTBrmr7MJUsqsSGePHWuJYWU4QS3Fn86zd/VESJgBGmq2aCDEUmzfjnRQA==",
      "peer": true,
      "requires": {
        "tslib": "^2.3.0"
      }
    },
    "@angular/core": {
      "version": "13.4.0",
      "resolved": "https://registry.npmjs.org/@angular/core/-/core-13.4.0.tgz",
      "integrity": "sha512-RE9KL7pRj+3lkJjdSR2uKmqiG0gqjnoVCMbSLG93pWrmzNIhElmlkiDaK39aMHGl836dc68Usv9CEisyVnRqHQ==",
      "peer": true,
      "requires": {
        "tslib": "^2.3.0"
      }
    },
    "@fortawesome/angular-fontawesome": {
      "version": "0.10.2",
      "resolved": "https://registry.npmjs.org/@fortawesome/angular-fontawesome/-/angular-fontawesome-0.10.2.tgz",
      "integrity": "sha512-VxsCAo2lK74KwD236AKAhGpiethfz9yqCViIG2iRAZqgNmuZ6ihwumjbLW32n6hV4fFvCqLcHmpngoEl3TNiOg==",
      "peer": true,
      "requires": {
        "tslib": "^2.3.1"
      }
    },
    "@fortawesome/fontawesome-common-types": {
      "version": "6.1.1",
      "resolved": "https://registry.npmjs.org/@fortawesome/fontawesome-common-types/-/fontawesome-common-types-6.1.1.tgz",
      "integrity": "sha512-wVn5WJPirFTnzN6tR95abCx+ocH+3IFLXAgyavnf9hUmN0CfWoDjPT/BAWsUVwSlYYVBeCLJxaqi7ZGe4uSjBA==",
      "peer": true
    },
    "@fortawesome/fontawesome-svg-core": {
      "version": "6.1.1",
      "resolved": "https://registry.npmjs.org/@fortawesome/fontawesome-svg-core/-/fontawesome-svg-core-6.1.1.tgz",
      "integrity": "sha512-NCg0w2YIp81f4V6cMGD9iomfsIj7GWrqmsa0ZsPh59G7PKiGN1KymZNxmF00ssuAlo/VZmpK6xazsGOwzKYUMg==",
      "peer": true,
      "requires": {
        "@fortawesome/fontawesome-common-types": "6.1.1"
      }
    },
    "@fortawesome/free-solid-svg-icons": {
      "version": "6.1.1",
      "resolved": "https://registry.npmjs.org/@fortawesome/free-solid-svg-icons/-/free-solid-svg-icons-6.1.1.tgz",
      "integrity": "sha512-0/5exxavOhI/D4Ovm2r3vxNojGZioPwmFrKg0ZUH69Q68uFhFPs6+dhAToh6VEQBntxPRYPuT5Cg1tpNa9JUPg==",
      "peer": true,
      "requires": {
        "@fortawesome/fontawesome-common-types": "6.1.1"
      }
    },
    "@types/dragula": {
      "version": "2.1.39",
      "resolved": "https://registry.npmjs.org/@types/dragula/-/dragula-2.1.39.tgz",
      "integrity": "sha512-MC6C61MJ1+RZjyFujDXgLoslsFnY19Zoo5p13PNDU5X/t+gPychd2onam9IGHSc3Al36yw3jd4mcIaTX95RQCA==",
      "peer": true
    },
    "atoa": {
      "version": "1.0.0",
      "resolved": "https://registry.npmjs.org/atoa/-/atoa-1.0.0.tgz",
      "integrity": "sha512-VVE1H6cc4ai+ZXo/CRWoJiHXrA1qfA31DPnx6D20+kSI547hQN5Greh51LQ1baMRMfxO5K5M4ImMtZbZt2DODQ==",
      "peer": true
    },
    "bootstrap": {
      "version": "4.3.1",
      "resolved": "https://registry.npmjs.org/bootstrap/-/bootstrap-4.3.1.tgz",
      "integrity": "sha512-rXqOmH1VilAt2DyPzluTi2blhk17bO7ef+zLLPlWvG494pDxcM234pJ8wTc/6R40UWizAIIMgxjvxZg5kmsbag==",
      "peer": true,
      "requires": {}
    },
    "contra": {
      "version": "1.9.4",
      "resolved": "https://registry.npmjs.org/contra/-/contra-1.9.4.tgz",
      "integrity": "sha512-N9ArHAqwR/lhPq4OdIAwH4e1btn6EIZMAz4TazjnzCiVECcWUPTma+dRAM38ERImEJBh8NiCCpjoQruSZ+agYg==",
      "peer": true,
      "requires": {
        "atoa": "1.0.0",
        "ticky": "1.0.1"
      }
    },
    "crossvent": {
      "version": "1.5.5",
      "resolved": "https://registry.npmjs.org/crossvent/-/crossvent-1.5.5.tgz",
      "integrity": "sha512-MY4xhBYEnVi+pmTpHCOCsCLYczc0PVtGdPBz6NXNXxikLaUZo4HdAeUb1UqAo3t3yXAloSelTmfxJ+/oUqkW5w==",
      "peer": true,
      "requires": {
        "custom-event": "^1.0.0"
      }
    },
    "custom-event": {
      "version": "1.0.1",
      "resolved": "https://registry.npmjs.org/custom-event/-/custom-event-1.0.1.tgz",
      "integrity": "sha512-GAj5FOq0Hd+RsCGVJxZuKaIDXDf3h6GQoNEjFgbLLI/trgtavwUbSnZ5pVfg27DVCaWjIohryS0JFwIJyT2cMg==",
      "peer": true
    },
    "dragula": {
      "version": "3.7.3",
      "resolved": "https://registry.npmjs.org/dragula/-/dragula-3.7.3.tgz",
      "integrity": "sha512-/rRg4zRhcpf81TyDhaHLtXt6sEywdfpv1cRUMeFFy7DuypH2U0WUL0GTdyAQvXegviT4PJK4KuMmOaIDpICseQ==",
      "peer": true,
      "requires": {
        "contra": "1.9.4",
        "crossvent": "1.5.5"
      }
    },
    "jquery": {
      "version": "3.7.1",
      "resolved": "https://registry.npmjs.org/jquery/-/jquery-3.7.1.tgz",
      "integrity": "sha512-m4avr8yL8kmFN8psrbFFFmB/If14iN5o9nw/NgnnM+kybDJpRsAynV2BsfpTYrTRysYUdADVD7CkUUizgkpLfg==",
      "peer": true
    },
    "ng2-dragula": {
      "version": "2.1.1",
      "resolved": "https://registry.npmjs.org/ng2-dragula/-/ng2-dragula-2.1.1.tgz",
      "integrity": "sha512-PSo6N2Ja894KDogVLLBI0Hzpylikay7L1hWqp+qQmW+qsNsNT9J/6J2Qim9XwGzK4VQZjAwBJaJjgJ/TijRkLQ==",
      "peer": true,
      "requires": {
        "@types/dragula": "^2.1.34",
        "dragula": "^3.7.2"
      }
    },
    "popper.js": {
      "version": "1.16.1",
      "resolved": "https://registry.npmjs.org/popper.js/-/popper.js-1.16.1.tgz",
      "integrity": "sha512-Wb4p1J4zyFTbM+u6WuO4XstYx4Ky9Cewe4DWrel7B0w6VVICvPwdOpotjzcf6eD8TsckVnIMNONQyPIUFOUbCQ==",
      "peer": true
    },
    "rxjs": {
      "version": "7.5.7",
      "resolved": "https://registry.npmjs.org/rxjs/-/rxjs-7.5.7.tgz",
      "integrity": "sha512-z9MzKh/UcOqB3i20H6rtrlaE/CgjLOvheWK/9ILrbhROGTweAi1BaFsTT9FbwZi5Trr1qNRs+MXkhmR06awzQA==",
      "peer": true,
      "requires": {
        "tslib": "^2.1.0"
      }
    },
    "ticky": {
      "version": "1.0.1",
      "resolved": "https://registry.npmjs.org/ticky/-/ticky-1.0.1.tgz",
      "integrity": "sha512-RX35iq/D+lrsqhcPWIazM9ELkjOe30MSeoBHQHSsRwd1YuhJO5ui1K1/R0r7N3mFvbLBs33idw+eR6j+w6i/DA==",
      "peer": true
    },
    "tslib": {
      "version": "2.6.2",
      "resolved": "https://registry.npmjs.org/tslib/-/tslib-2.6.2.tgz",
      "integrity": "sha512-AEYxH93jGFPn/a2iVAwW87VuUIkR1FVUKB77NwMF7nBTDkDrrT/Hpt/IrCJ0QXhW27jTBDcf5ZY7w6RiqTMw2Q=="
    },
    "zone.js": {
      "version": "0.11.8",
      "resolved": "https://registry.npmjs.org/zone.js/-/zone.js-0.11.8.tgz",
      "integrity": "sha512-82bctBg2hKcEJ21humWIkXRlLBBmrc3nN7DFh5LGGhcyycO2S7FN8NmdvlcKaGFDNVL4/9kFLmwmInTavdJERA==",
      "peer": true,
      "requires": {
        "tslib": "^2.3.0"
      }
    }
  }
}
